// !$*UTF8*$!
{
	archiveVersion = 1;
	classes = {
	};
	objectVersion = 46;
	objects = {

/* Begin PBXBuildFile section */
		C88CB14F1E2DBFF300B14C00 /* main.m in Sources */ = {isa = PBXBuildFile; fileRef = C88CB14E1E2DBFF300B14C00 /* main.m */; };
		C88CB1521E2DBFF300B14C00 /* AppDelegate.m in Sources */ = {isa = PBXBuildFile; fileRef = C88CB1511E2DBFF300B14C00 /* AppDelegate.m */; };
		C88CB1551E2DBFF300B14C00 /* ViewController.m in Sources */ = {isa = PBXBuildFile; fileRef = C88CB1541E2DBFF300B14C00 /* ViewController.m */; };
		C88CB1581E2DBFF300B14C00 /* Main.storyboard in Resources */ = {isa = PBXBuildFile; fileRef = C88CB1561E2DBFF300B14C00 /* Main.storyboard */; };
		C88CB15A1E2DBFF300B14C00 /* Assets.xcassets in Resources */ = {isa = PBXBuildFile; fileRef = C88CB1591E2DBFF300B14C00 /* Assets.xcassets */; };
		C88CB15D1E2DBFF300B14C00 /* LaunchScreen.storyboard in Resources */ = {isa = PBXBuildFile; fileRef = C88CB15B1E2DBFF300B14C00 /* LaunchScreen.storyboard */; };
		C88CB1661E2DC3DA00B14C00 /* YYShareView.m in Sources */ = {isa = PBXBuildFile; fileRef = C88CB1651E2DC3DA00B14C00 /* YYShareView.m */; };
		C88CB1691E2DC41C00B14C00 /* YYShareButton.m in Sources */ = {isa = PBXBuildFile; fileRef = C88CB1681E2DC41C00B14C00 /* YYShareButton.m */; };
		C88CB1831E2DF52A00B14C00 /* airdrop_allshare_60x60_@2x.png in Resources */ = {isa = PBXBuildFile; fileRef = C88CB16D1E2DF52A00B14C00 /* airdrop_allshare_60x60_@2x.png */; };
		C88CB1841E2DF52A00B14C00 /* airdrop_allshare_60x60_@3x.png in Resources */ = {isa = PBXBuildFile; fileRef = C88CB16E1E2DF52A00B14C00 /* airdrop_allshare_60x60_@3x.png */; };
		C88CB1851E2DF52A00B14C00 /* aliplay_allshare_60x60_@2x.png in Resources */ = {isa = PBXBuildFile; fileRef = C88CB16F1E2DF52A00B14C00 /* aliplay_allshare_60x60_@2x.png */; };
		C88CB1861E2DF52A00B14C00 /* aliplay_allshare_60x60_@3x.png in Resources */ = {isa = PBXBuildFile; fileRef = C88CB1701E2DF52A00B14C00 /* aliplay_allshare_60x60_@3x.png */; };
		C88CB1871E2DF52A00B14C00 /* alishq_allshare_60x60_@2x.png in Resources */ = {isa = PBXBuildFile; fileRef = C88CB1711E2DF52A00B14C00 /* alishq_allshare_60x60_@2x.png */; };
		C88CB1881E2DF52A00B14C00 /* alishq_allshare_60x60_@3x.png in Resources */ = {isa = PBXBuildFile; fileRef = C88CB1721E2DF52A00B14C00 /* alishq_allshare_60x60_@3x.png */; };
		C88CB1891E2DF52A00B14C00 /* copy_allshare_60x60_@2x.png in Resources */ = {isa = PBXBuildFile; fileRef = C88CB1731E2DF52A00B14C00 /* copy_allshare_60x60_@2x.png */; };
		C88CB18A1E2DF52A00B14C00 /* copy_allshare_60x60_@3x.png in Resources */ = {isa = PBXBuildFile; fileRef = C88CB1741E2DF52A00B14C00 /* copy_allshare_60x60_@3x.png */; };
		C88CB18B1E2DF52A00B14C00 /* link_allshare_60x60_@2x.png in Resources */ = {isa = PBXBuildFile; fileRef = C88CB1751E2DF52A00B14C00 /* link_allshare_60x60_@2x.png */; };
		C88CB18C1E2DF52A00B14C00 /* link_allshare_60x60_@3x.png in Resources */ = {isa = PBXBuildFile; fileRef = C88CB1761E2DF52A00B14C00 /* link_allshare_60x60_@3x.png */; };
		C88CB18D1E2DF52A00B14C00 /* mail_allshare_60x60_@2x.png in Resources */ = {isa = PBXBuildFile; fileRef = C88CB1771E2DF52A00B14C00 /* mail_allshare_60x60_@2x.png */; };
		C88CB18E1E2DF52A00B14C00 /* mail_allshare_60x60_@3x.png in Resources */ = {isa = PBXBuildFile; fileRef = C88CB1781E2DF52A00B14C00 /* mail_allshare_60x60_@3x.png */; };
		C88CB18F1E2DF52A00B14C00 /* qq_allshare_60x60_@2x.png in Resources */ = {isa = PBXBuildFile; fileRef = C88CB1791E2DF52A00B14C00 /* qq_allshare_60x60_@2x.png */; };
		C88CB1901E2DF52A00B14C00 /* qq_allshare_60x60_@3x.png in Resources */ = {isa = PBXBuildFile; fileRef = C88CB17A1E2DF52A00B14C00 /* qq_allshare_60x60_@3x.png */; };
		C88CB1911E2DF52A00B14C00 /* qqkj_allshare_60x60_@2x.png in Resources */ = {isa = PBXBuildFile; fileRef = C88CB17B1E2DF52A00B14C00 /* qqkj_allshare_60x60_@2x.png */; };
		C88CB1921E2DF52A00B14C00 /* qqkj_allshare_60x60_@3x.png in Resources */ = {isa = PBXBuildFile; fileRef = C88CB17C1E2DF52A00B14C00 /* qqkj_allshare_60x60_@3x.png */; };
		C88CB1931E2DF52A00B14C00 /* qqwb_allshare_60x60_@2x.png in Resources */ = {isa = PBXBuildFile; fileRef = C88CB17D1E2DF52A00B14C00 /* qqwb_allshare_60x60_@2x.png */; };
		C88CB1941E2DF52A00B14C00 /* qqwb_allshare_60x60_@3x.png in Resources */ = {isa = PBXBuildFile; fileRef = C88CB17E1E2DF52A00B14C00 /* qqwb_allshare_60x60_@3x.png */; };
		C88CB1951E2DF52A00B14C00 /* sina_allshare_60x60_@2x.png in Resources */ = {isa = PBXBuildFile; fileRef = C88CB17F1E2DF52A00B14C00 /* sina_allshare_60x60_@2x.png */; };
		C88CB1961E2DF52A00B14C00 /* sina_allshare_60x60_@3x.png in Resources */ = {isa = PBXBuildFile; fileRef = C88CB1801E2DF52A00B14C00 /* sina_allshare_60x60_@3x.png */; };
		C88CB1971E2DF52A00B14C00 /* weixin_allshare_60x60_@2x.png in Resources */ = {isa = PBXBuildFile; fileRef = C88CB1811E2DF52A00B14C00 /* weixin_allshare_60x60_@2x.png */; };
		C88CB1981E2DF52A00B14C00 /* weixin_allshare_60x60_@3x.png in Resources */ = {isa = PBXBuildFile; fileRef = C88CB1821E2DF52A00B14C00 /* weixin_allshare_60x60_@3x.png */; };
/* End PBXBuildFile section */

/* Begin PBXFileReference section */
		C88CB14A1E2DBFF300B14C00 /* ShareViewDemo.app */ = {isa = PBXFileReference; explicitFileType = wrapper.application; includeInIndex = 0; path = ShareViewDemo.app; sourceTree = BUILT_PRODUCTS_DIR; };
		C88CB14E1E2DBFF300B14C00 /* main.m */ = {isa = PBXFileReference; lastKnownFileType = sourcecode.c.objc; path = main.m; sourceTree = "<group>"; };
		C88CB1501E2DBFF300B14C00 /* AppDelegate.h */ = {isa = PBXFileReference; lastKnownFileType = sourcecode.c.h; path = AppDelegate.h; sourceTree = "<group>"; };
		C88CB1511E2DBFF300B14C00 /* AppDelegate.m */ = {isa = PBXFileReference; lastKnownFileType = sourcecode.c.objc; path = AppDelegate.m; sourceTree = "<group>"; };
		C88CB1531E2DBFF300B14C00 /* ViewController.h */ = {isa = PBXFileReference; lastKnownFileType = sourcecode.c.h; path = ViewController.h; sourceTree = "<group>"; };
		C88CB1541E2DBFF300B14C00 /* ViewController.m */ = {isa = PBXFileReference; lastKnownFileType = sourcecode.c.objc; path = ViewController.m; sourceTree = "<group>"; };
		C88CB1571E2DBFF300B14C00 /* Base */ = {isa = PBXFileReference; lastKnownFileType = file.storyboard; name = Base; path = Base.lproj/Main.storyboard; sourceTree = "<group>"; };
		C88CB1591E2DBFF300B14C00 /* Assets.xcassets */ = {isa = PBXFileReference; lastKnownFileType = folder.assetcatalog; path = Assets.xcassets; sourceTree = "<group>"; };
		C88CB15C1E2DBFF300B14C00 /* Base */ = {isa = PBXFileReference; lastKnownFileType = file.storyboard; name = Base; path = Base.lproj/LaunchScreen.storyboard; sourceTree = "<group>"; };
		C88CB15E1E2DBFF300B14C00 /* Info.plist */ = {isa = PBXFileReference; lastKnownFileType = text.plist.xml; path = Info.plist; sourceTree = "<group>"; };
		C88CB1641E2DC3DA00B14C00 /* YYShareView.h */ = {isa = PBXFileReference; fileEncoding = 4; lastKnownFileType = sourcecode.c.h; path = YYShareView.h; sourceTree = "<group>"; };
		C88CB1651E2DC3DA00B14C00 /* YYShareView.m */ = {isa = PBXFileReference; fileEncoding = 4; lastKnownFileType = sourcecode.c.objc; path = YYShareView.m; sourceTree = "<group>"; };
		C88CB1671E2DC41C00B14C00 /* YYShareButton.h */ = {isa = PBXFileReference; fileEncoding = 4; lastKnownFileType = sourcecode.c.h; path = YYShareButton.h; sourceTree = "<group>"; };
		C88CB1681E2DC41C00B14C00 /* YYShareButton.m */ = {isa = PBXFileReference; fileEncoding = 4; lastKnownFileType = sourcecode.c.objc; path = YYShareButton.m; sourceTree = "<group>"; };
		C88CB16D1E2DF52A00B14C00 /* airdrop_allshare_60x60_@2x.png */ = {isa = PBXFileReference; lastKnownFileType = image.png; path = "airdrop_allshare_60x60_@2x.png"; sourceTree = "<group>"; };
		C88CB16E1E2DF52A00B14C00 /* airdrop_allshare_60x60_@3x.png */ = {isa = PBXFileReference; lastKnownFileType = image.png; path = "airdrop_allshare_60x60_@3x.png"; sourceTree = "<group>"; };
		C88CB16F1E2DF52A00B14C00 /* aliplay_allshare_60x60_@2x.png */ = {isa = PBXFileReference; lastKnownFileType = image.png; path = "aliplay_allshare_60x60_@2x.png"; sourceTree = "<group>"; };
		C88CB1701E2DF52A00B14C00 /* aliplay_allshare_60x60_@3x.png */ = {isa = PBXFileReference; lastKnownFileType = image.png; path = "aliplay_allshare_60x60_@3x.png"; sourceTree = "<group>"; };
		C88CB1711E2DF52A00B14C00 /* alishq_allshare_60x60_@2x.png */ = {isa = PBXFileReference; lastKnownFileType = image.png; path = "alishq_allshare_60x60_@2x.png"; sourceTree = "<group>"; };
		C88CB1721E2DF52A00B14C00 /* alishq_allshare_60x60_@3x.png */ = {isa = PBXFileReference; lastKnownFileType = image.png; path = "alishq_allshare_60x60_@3x.png"; sourceTree = "<group>"; };
		C88CB1731E2DF52A00B14C00 /* copy_allshare_60x60_@2x.png */ = {isa = PBXFileReference; lastKnownFileType = image.png; path = "copy_allshare_60x60_@2x.png"; sourceTree = "<group>"; };
		C88CB1741E2DF52A00B14C00 /* copy_allshare_60x60_@3x.png */ = {isa = PBXFileReference; lastKnownFileType = image.png; path = "copy_allshare_60x60_@3x.png"; sourceTree = "<group>"; };
		C88CB1751E2DF52A00B14C00 /* link_allshare_60x60_@2x.png */ = {isa = PBXFileReference; lastKnownFileType = image.png; path = "link_allshare_60x60_@2x.png"; sourceTree = "<group>"; };
		C88CB1761E2DF52A00B14C00 /* link_allshare_60x60_@3x.png */ = {isa = PBXFileReference; lastKnownFileType = image.png; path = "link_allshare_60x60_@3x.png"; sourceTree = "<group>"; };
		C88CB1771E2DF52A00B14C00 /* mail_allshare_60x60_@2x.png */ = {isa = PBXFileReference; lastKnownFileType = image.png; path = "mail_allshare_60x60_@2x.png"; sourceTree = "<group>"; };
		C88CB1781E2DF52A00B14C00 /* mail_allshare_60x60_@3x.png */ = {isa = PBXFileReference; lastKnownFileType = image.png; path = "mail_allshare_60x60_@3x.png"; sourceTree = "<group>"; };
		C88CB1791E2DF52A00B14C00 /* qq_allshare_60x60_@2x.png */ = {isa = PBXFileReference; lastKnownFileType = image.png; path = "qq_allshare_60x60_@2x.png"; sourceTree = "<group>"; };
		C88CB17A1E2DF52A00B14C00 /* qq_allshare_60x60_@3x.png */ = {isa = PBXFileReference; lastKnownFileType = image.png; path = "qq_allshare_60x60_@3x.png"; sourceTree = "<group>"; };
		C88CB17B1E2DF52A00B14C00 /* qqkj_allshare_60x60_@2x.png */ = {isa = PBXFileReference; lastKnownFileType = image.png; path = "qqkj_allshare_60x60_@2x.png"; sourceTree = "<group>"; };
		C88CB17C1E2DF52A00B14C00 /* qqkj_allshare_60x60_@3x.png */ = {isa = PBXFileReference; lastKnownFileType = image.png; path = "qqkj_allshare_60x60_@3x.png"; sourceTree = "<group>"; };
		C88CB17D1E2DF52A00B14C00 /* qqwb_allshare_60x60_@2x.png */ = {isa = PBXFileReference; lastKnownFileType = image.png; path = "qqwb_allshare_60x60_@2x.png"; sourceTree = "<group>"; };
		C88CB17E1E2DF52A00B14C00 /* qqwb_allshare_60x60_@3x.png */ = {isa = PBXFileReference; lastKnownFileType = image.png; path = "qqwb_allshare_60x60_@3x.png"; sourceTree = "<group>"; };
		C88CB17F1E2DF52A00B14C00 /* sina_allshare_60x60_@2x.png */ = {isa = PBXFileReference; lastKnownFileType = image.png; path = "sina_allshare_60x60_@2x.png"; sourceTree = "<group>"; };
		C88CB1801E2DF52A00B14C00 /* sina_allshare_60x60_@3x.png */ = {isa = PBXFileReference; lastKnownFileType = image.png; path = "sina_allshare_60x60_@3x.png"; sourceTree = "<group>"; };
		C88CB1811E2DF52A00B14C00 /* weixin_allshare_60x60_@2x.png */ = {isa = PBXFileReference; lastKnownFileType = image.png; path = "weixin_allshare_60x60_@2x.png"; sourceTree = "<group>"; };
		C88CB1821E2DF52A00B14C00 /* weixin_allshare_60x60_@3x.png */ = {isa = PBXFileReference; lastKnownFileType = image.png; path = "weixin_allshare_60x60_@3x.png"; sourceTree = "<group>"; };
/* End PBXFileReference section */

/* Begin PBXFrameworksBuildPhase section */
		C88CB1471E2DBFF300B14C00 /* Frameworks */ = {
			isa = PBXFrameworksBuildPhase;
			buildActionMask = 2147483647;
			files = (
			);
			runOnlyForDeploymentPostprocessing = 0;
		};
/* End PBXFrameworksBuildPhase section */

/* Begin PBXGroup section */
		C88CB1411E2DBFF300B14C00 = {
			isa = PBXGroup;
			children = (
				C88CB14C1E2DBFF300B14C00 /* ShareViewDemo */,
				C88CB14B1E2DBFF300B14C00 /* Products */,
			);
			sourceTree = "<group>";
		};
		C88CB14B1E2DBFF300B14C00 /* Products */ = {
			isa = PBXGroup;
			children = (
				C88CB14A1E2DBFF300B14C00 /* ShareViewDemo.app */,
			);
			name = Products;
			sourceTree = "<group>";
		};
		C88CB14C1E2DBFF300B14C00 /* ShareViewDemo */ = {
			isa = PBXGroup;
			children = (
				C88CB16C1E2DF52A00B14C00 /* image */,
				C88CB1501E2DBFF300B14C00 /* AppDelegate.h */,
				C88CB1511E2DBFF300B14C00 /* AppDelegate.m */,
				C88CB1531E2DBFF300B14C00 /* ViewController.h */,
				C88CB1541E2DBFF300B14C00 /* ViewController.m */,
				C88CB1641E2DC3DA00B14C00 /* YYShareView.h */,
				C88CB1651E2DC3DA00B14C00 /* YYShareView.m */,
				C88CB1671E2DC41C00B14C00 /* YYShareButton.h */,
				C88CB1681E2DC41C00B14C00 /* YYShareButton.m */,
				C88CB1561E2DBFF300B14C00 /* Main.storyboard */,
				C88CB1591E2DBFF300B14C00 /* Assets.xcassets */,
				C88CB15B1E2DBFF300B14C00 /* LaunchScreen.storyboard */,
				C88CB15E1E2DBFF300B14C00 /* Info.plist */,
				C88CB14D1E2DBFF300B14C00 /* Supporting Files */,
			);
			path = ShareViewDemo;
			sourceTree = "<group>";
		};
		C88CB14D1E2DBFF300B14C00 /* Supporting Files */ = {
			isa = PBXGroup;
			children = (
				C88CB14E1E2DBFF300B14C00 /* main.m */,
			);
			name = "Supporting Files";
			sourceTree = "<group>";
		};
		C88CB16C1E2DF52A00B14C00 /* image */ = {
			isa = PBXGroup;
			children = (
				C88CB16D1E2DF52A00B14C00 /* airdrop_allshare_60x60_@2x.png */,
				C88CB16E1E2DF52A00B14C00 /* airdrop_allshare_60x60_@3x.png */,
				C88CB16F1E2DF52A00B14C00 /* aliplay_allshare_60x60_@2x.png */,
				C88CB1701E2DF52A00B14C00 /* aliplay_allshare_60x60_@3x.png */,
				C88CB1711E2DF52A00B14C00 /* alishq_allshare_60x60_@2x.png */,
				C88CB1721E2DF52A00B14C00 /* alishq_allshare_60x60_@3x.png */,
				C88CB1731E2DF52A00B14C00 /* copy_allshare_60x60_@2x.png */,
				C88CB1741E2DF52A00B14C00 /* copy_allshare_60x60_@3x.png */,
				C88CB1751E2DF52A00B14C00 /* link_allshare_60x60_@2x.png */,
				C88CB1761E2DF52A00B14C00 /* link_allshare_60x60_@3x.png */,
				C88CB1771E2DF52A00B14C00 /* mail_allshare_60x60_@2x.png */,
				C88CB1781E2DF52A00B14C00 /* mail_allshare_60x60_@3x.png */,
				C88CB1791E2DF52A00B14C00 /* qq_allshare_60x60_@2x.png */,
				C88CB17A1E2DF52A00B14C00 /* qq_allshare_60x60_@3x.png */,
				C88CB17B1E2DF52A00B14C00 /* qqkj_allshare_60x60_@2x.png */,
				C88CB17C1E2DF52A00B14C00 /* qqkj_allshare_60x60_@3x.png */,
				C88CB17D1E2DF52A00B14C00 /* qqwb_allshare_60x60_@2x.png */,
				C88CB17E1E2DF52A00B14C00 /* qqwb_allshare_60x60_@3x.png */,
				C88CB17F1E2DF52A00B14C00 /* sina_allshare_60x60_@2x.png */,
				C88CB1801E2DF52A00B14C00 /* sina_allshare_60x60_@3x.png */,
				C88CB1811E2DF52A00B14C00 /* weixin_allshare_60x60_@2x.png */,
				C88CB1821E2DF52A00B14C00 /* weixin_allshare_60x60_@3x.png */,
			);
			path = image;
			sourceTree = "<group>";
		};
/* End PBXGroup section */

/* Begin PBXNativeTarget section */
		C88CB1491E2DBFF300B14C00 /* ShareViewDemo */ = {
			isa = PBXNativeTarget;
			buildConfigurationList = C88CB1611E2DBFF300B14C00 /* Build configuration list for PBXNativeTarget "ShareViewDemo" */;
			buildPhases = (
				C88CB1461E2DBFF300B14C00 /* Sources */,
				C88CB1471E2DBFF300B14C00 /* Frameworks */,
				C88CB1481E2DBFF300B14C00 /* Resources */,
			);
			buildRules = (
			);
			dependencies = (
			);
			name = ShareViewDemo;
			productName = ShareViewDemo;
			productReference = C88CB14A1E2DBFF300B14C00 /* ShareViewDemo.app */;
			productType = "com.apple.product-type.application";
		};
/* End PBXNativeTarget section */

/* Begin PBXProject section */
		C88CB1421E2DBFF300B14C00 /* Project object */ = {
			isa = PBXProject;
			attributes = {
				LastUpgradeCheck = 0820;
				ORGANIZATIONNAME = changwuguo;
				TargetAttributes = {
					C88CB1491E2DBFF300B14C00 = {
						CreatedOnToolsVersion = 8.2;
						DevelopmentTeam = HT6D6HGRTX;
						ProvisioningStyle = Automatic;
					};
				};
			};
			buildConfigurationList = C88CB1451E2DBFF300B14C00 /* Build configuration list for PBXProject "ShareViewDemo" */;
			compatibilityVersion = "Xcode 3.2";
			developmentRegion = English;
			hasScannedForEncodings = 0;
			knownRegions = (
				en,
				Base,
			);
			mainGroup = C88CB1411E2DBFF300B14C00;
			productRefGroup = C88CB14B1E2DBFF300B14C00 /* Products */;
			projectDirPath = "";
			projectRoot = "";
			targets = (
				C88CB1491E2DBFF300B14C00 /* ShareViewDemo */,
			);
		};
/* End PBXProject section */

/* Begin PBXResourcesBuildPhase section */
		C88CB1481E2DBFF300B14C00 /* Resources */ = {
			isa = PBXResourcesBuildPhase;
			buildActionMask = 2147483647;
			files = (
				C88CB1951E2DF52A00B14C00 /* sina_allshare_60x60_@2x.png in Resources */,
				C88CB15D1E2DBFF300B14C00 /* LaunchScreen.storyboard in Resources */,
				C88CB1901E2DF52A00B14C00 /* qq_allshare_60x60_@3x.png in Resources */,
				C88CB1871E2DF52A00B14C00 /* alishq_allshare_60x60_@2x.png in Resources */,
				C88CB18D1E2DF52A00B14C00 /* mail_allshare_60x60_@2x.png in Resources */,
				C88CB1931E2DF52A00B14C00 /* qqwb_allshare_60x60_@2x.png in Resources */,
				C88CB18A1E2DF52A00B14C00 /* copy_allshare_60x60_@3x.png in Resources */,
				C88CB18E1E2DF52A00B14C00 /* mail_allshare_60x60_@3x.png in Resources */,
				C88CB1981E2DF52A00B14C00 /* weixin_allshare_60x60_@3x.png in Resources */,
				C88CB18F1E2DF52A00B14C00 /* qq_allshare_60x60_@2x.png in Resources */,
				C88CB18B1E2DF52A00B14C00 /* link_allshare_60x60_@2x.png in Resources */,
				C88CB1921E2DF52A00B14C00 /* qqkj_allshare_60x60_@3x.png in Resources */,
				C88CB1971E2DF52A00B14C00 /* weixin_allshare_60x60_@2x.png in Resources */,
				C88CB1891E2DF52A00B14C00 /* copy_allshare_60x60_@2x.png in Resources */,
				C88CB1841E2DF52A00B14C00 /* airdrop_allshare_60x60_@3x.png in Resources */,
				C88CB18C1E2DF52A00B14C00 /* link_allshare_60x60_@3x.png in Resources */,
				C88CB1831E2DF52A00B14C00 /* airdrop_allshare_60x60_@2x.png in Resources */,
				C88CB1941E2DF52A00B14C00 /* qqwb_allshare_60x60_@3x.png in Resources */,
				C88CB1881E2DF52A00B14C00 /* alishq_allshare_60x60_@3x.png in Resources */,
				C88CB15A1E2DBFF300B14C00 /* Assets.xcassets in Resources */,
				C88CB1911E2DF52A00B14C00 /* qqkj_allshare_60x60_@2x.png in Resources */,
				C88CB1851E2DF52A00B14C00 /* aliplay_allshare_60x60_@2x.png in Resources */,
				C88CB1861E2DF52A00B14C00 /* aliplay_allshare_60x60_@3x.png in Resources */,
				C88CB1961E2DF52A00B14C00 /* sina_allshare_60x60_@3x.png in Resources */,
				C88CB1581E2DBFF300B14C00 /* Main.storyboard in Resources */,
			);
			runOnlyForDeploymentPostprocessing = 0;
		};
/* End PBXResourcesBuildPhase section */

/* Begin PBXSourcesBuildPhase section */
		C88CB1461E2DBFF300B14C00 /* Sources */ = {
			isa = PBXSourcesBuildPhase;
			buildActionMask = 2147483647;
			files = (
				C88CB1661E2DC3DA00B14C00 /* YYShareView.m in Sources */,
				C88CB1691E2DC41C00B14C00 /* YYShareButton.m in Sources */,
				C88CB1551E2DBFF300B14C00 /* ViewController.m in Sources */,
				C88CB1521E2DBFF300B14C00 /* AppDelegate.m in Sources */,
				C88CB14F1E2DBFF300B14C00 /* main.m in Sources */,
			);
			runOnlyForDeploymentPostprocessing = 0;
		};
/* End PBXSourcesBuildPhase section */

/* Begin PBXVariantGroup section */
		C88CB1561E2DBFF300B14C00 /* Main.storyboard */ = {
			isa = PBXVariantGroup;
			children = (
				C88CB1571E2DBFF300B14C00 /* Base */,
			);
			name = Main.storyboard;
			sourceTree = "<group>";
		};
		C88CB15B1E2DBFF300B14C00 /* LaunchScreen.storyboard */ = {
			isa = PBXVariantGroup;
			children = (
				C88CB15C1E2DBFF300B14C00 /* Base */,
			);
			name = LaunchScreen.storyboard;
			sourceTree = "<group>";
		};
/* End PBXVariantGroup section */

/* Begin XCBuildConfiguration section */
		C88CB15F1E2DBFF300B14C00 /* Debug */ = {
			isa = XCBuildConfiguration;
			buildSettings = {
				ALWAYS_SEARCH_USER_PATHS = NO;
				CLANG_ANALYZER_NONNULL = YES;
				CLANG_CXX_LANGUAGE_STANDARD = "gnu++0x";
				CLANG_CXX_LIBRARY = "libc++";
				CLANG_ENABLE_MODULES = YES;
				CLANG_ENABLE_OBJC_ARC = YES;
				CLANG_WARN_BOOL_CONVERSION = YES;
				CLANG_WARN_CONSTANT_CONVERSION = YES;
				CLANG_WARN_DIRECT_OBJC_ISA_USAGE = YES_ERROR;
				CLANG_WARN_DOCUMENTATION_COMMENTS = YES;
				CLANG_WARN_EMPTY_BODY = YES;
				CLANG_WARN_ENUM_CONVERSION = YES;
				CLANG_WARN_INFINITE_RECURSION = YES;
				CLANG_WARN_INT_CONVERSION = YES;
				CLANG_WARN_OBJC_ROOT_CLASS = YES_ERROR;
				CLANG_WARN_SUSPICIOUS_MOVE = YES;
				CLANG_WARN_UNREACHABLE_CODE = YES;
				CLANG_WARN__DUPLICATE_METHOD_MATCH = YES;
				"CODE_SIGN_IDENTITY[sdk=iphoneos*]" = "iPhone Developer";
				COPY_PHASE_STRIP = NO;
				DEBUG_INFORMATION_FORMAT = dwarf;
				ENABLE_STRICT_OBJC_MSGSEND = YES;
				ENABLE_TESTABILITY = YES;
				GCC_C_LANGUAGE_STANDARD = gnu99;
				GCC_DYNAMIC_NO_PIC = NO;
				GCC_NO_COMMON_BLOCKS = YES;
				GCC_OPTIMIZATION_LEVEL = 0;
				GCC_PREPROCESSOR_DEFINITIONS = (
					"DEBUG=1",
					"$(inherited)",
				);
				GCC_WARN_64_TO_32_BIT_CONVERSION = YES;
				GCC_WARN_ABOUT_RETURN_TYPE = YES_ERROR;
				GCC_WARN_UNDECLARED_SELECTOR = YES;
				GCC_WARN_UNINITIALIZED_AUTOS = YES_AGGRESSIVE;
				GCC_WARN_UNUSED_FUNCTION = YES;
				GCC_WARN_UNUSED_VARIABLE = YES;
				IPHONEOS_DEPLOYMENT_TARGET = 10.2;
				MTL_ENABLE_DEBUG_INFO = YES;
				ONLY_ACTIVE_ARCH = YES;
				SDKROOT = iphoneos;
			};
			name = Debug;
		};
		C88CB1601E2DBFF300B14C00 /* Release */ = {
			isa = XCBuildConfiguration;
			buildSettings = {
				ALWAYS_SEARCH_USER_PATHS = NO;
				CLANG_ANALYZER_NONNULL = YES;
				CLANG_CXX_LANGUAGE_STANDARD = "gnu++0x";
				CLANG_CXX_LIBRARY = "libc++";
				CLANG_ENABLE_MODULES = YES;
				CLANG_ENABLE_OBJC_ARC = YES;
				CLANG_WARN_BOOL_CONVERSION = YES;
				CLANG_WARN_CONSTANT_CONVERSION = YES;
				CLANG_WARN_DIRECT_OBJC_ISA_USAGE = YES_ERROR;
				CLANG_WARN_DOCUMENTATION_COMMENTS = YES;
				CLANG_WARN_EMPTY_BODY = YES;
				CLANG_WARN_ENUM_CONVERSION = YES;
				CLANG_WARN_INFINITE_RECURSION = YES;
				CLANG_WARN_INT_CONVERSION = YES;
				CLANG_WARN_OBJC_ROOT_CLASS = YES_ERROR;
				CLANG_WARN_SUSPICIOUS_MOVE = YES;
				CLANG_WARN_UNREACHABLE_CODE = YES;
				CLANG_WARN__DUPLICATE_METHOD_MATCH = YES;
				"CODE_SIGN_IDENTITY[sdk=iphoneos*]" = "iPhone Developer";
				COPY_PHASE_STRIP = NO;
				DEBUG_INFORMATION_FORMAT = "dwarf-with-dsym";
				ENABLE_NS_ASSERTIONS = NO;
				ENABLE_STRICT_OBJC_MSGSEND = YES;
				GCC_C_LANGUAGE_STANDARD = gnu99;
				GCC_NO_COMMON_BLOCKS = YES;
				GCC_WARN_64_TO_32_BIT_CONVERSION = YES;
				GCC_WARN_ABOUT_RETURN_TYPE = YES_ERROR;
				GCC_WARN_UNDECLARED_SELECTOR = YES;
				GCC_WARN_UNINITIALIZED_AUTOS = YES_AGGRESSIVE;
				GCC_WARN_UNUSED_FUNCTION = YES;
				GCC_WARN_UNUSED_VARIABLE = YES;
				IPHONEOS_DEPLOYMENT_TARGET = 10.2;
				MTL_ENABLE_DEBUG_INFO = NO;
				SDKROOT = iphoneos;
				VALIDATE_PRODUCT = YES;
			};
			name = Release;
		};
		C88CB1621E2DBFF300B14C00 /* Debug */ = {
			isa = XCBuildConfiguration;
			buildSettings = {
				ASSETCATALOG_COMPILER_APPICON_NAME = AppIcon;
				DEVELOPMENT_TEAM = HT6D6HGRTX;
				INFOPLIST_FILE = ShareViewDemo/Info.plist;
				LD_RUNPATH_SEARCH_PATHS = "$(inherited) @executable_path/Frameworks";
				PRODUCT_BUNDLE_IDENTIFIER = com.changwuguo.DemoTest;
				PRODUCT_NAME = "$(TARGET_NAME)";
			};
			name = Debug;
		};
		C88CB1631E2DBFF300B14C00 /* Release */ = {
			isa = XCBuildConfiguration;
			buildSettings = {
				ASSETCATALOG_COMPILER_APPICON_NAME = AppIcon;
				DEVELOPMENT_TEAM = HT6D6HGRTX;
				INFOPLIST_FILE = ShareViewDemo/Info.plist;
				LD_RUNPATH_SEARCH_PATHS = "$(inherited) @executable_path/Frameworks";
				PRODUCT_BUNDLE_IDENTIFIER = com.changwuguo.DemoTest;
				PRODUCT_NAME = "$(TARGET_NAME)";
			};
			name = Release;
		};
/* End XCBuildConfiguration section */

/* Begin XCConfigurationList section */
		C88CB1451E2DBFF300B14C00 /* Build configuration list for PBXProject "ShareViewDemo" */ = {
			isa = XCConfigurationList;
			buildConfigurations = (
				C88CB15F1E2DBFF300B14C00 /* Debug */,
				C88CB1601E2DBFF300B14C00 /* Release */,
			);
			defaultConfigurationIsVisible = 0;
			defaultConfigurationName = Release;
		};
		C88CB1611E2DBFF300B14C00 /* Build configuration list for PBXNativeTarget "ShareViewDemo" */ = {
			isa = XCConfigurationList;
			buildConfigurations = (
				C88CB1621E2DBFF300B14C00 /* Debug */,
				C88CB1631E2DBFF300B14C00 /* Release */,
			);
			defaultConfigurationIsVisible = 0;
		};
/* End XCConfigurationList section */
	};
	rootObject = C88CB1421E2DBFF300B14C00 /* Project object */;
}
